
Microsoft Visual Studio Solution File, Format Version 12.00
# Visual Studio Version 16
VisualStudioVersion = 16.0.31702.278
MinimumVisualStudioVersion = 10.0.40219.1
Project("{FAE04EC0-301F-11D3-BF4B-00C04F79EFBC}") = "SysBodega", "SysBodega\SysBodega.csproj", "{F7EA1765-2209-4BD9-AFE2-DD3514071E2A}"
EndProject
Global
	GlobalSection(SolutionConfigurationPlatforms) = preSolution
		Debug|Any CPU = Debug|Any CPU
		Release|Any CPU = Release|Any CPU
	EndGlobalSection
	GlobalSection(ProjectConfigurationPlatforms) = postSolution
		{F7EA1765-2209-4BD9-AFE2-DD3514071E2A}.Debug|Any CPU.ActiveCfg = Debug|Any CPU
		{F7EA1765-2209-4BD9-AFE2-DD3514071E2A}.Debug|Any CPU.Build.0 = Debug|Any CPU
		{F7EA1765-2209-4BD9-AFE2-DD3514071E2A}.Release|Any CPU.ActiveCfg = Release|Any CPU
		{F7EA1765-2209-4BD9-AFE2-DD3514071E2A}.Release|Any CPU.Build.0 = Release|Any CPU
	EndGlobalSection
	GlobalSection(SolutionProperties) = preSolution
		HideSolutionNode = FALSE
	EndGlobalSection
	GlobalSection(ExtensibilityGlobals) = postSolution
		SolutionGuid = {A3778914-678C-4D4E-AEA2-248C617A67E7}
	EndGlobalSection
EndGlobal
